
Microsoft Visual Studio Solution File, Format Version 12.00
# Visual Studio Version 17
VisualStudioVersion = 17.8.34322.80
MinimumVisualStudioVersion = 10.0.40219.1
Project("{FAE04EC0-301F-11D3-BF4B-00C04F79EFBC}") = "WeatherJson", "WeatherJson.csproj", "{26684B84-8BFA-4CF4-9607-2754BC7E45ED}"
EndProject
Project("{FAE04EC0-301F-11D3-BF4B-00C04F79EFBC}") = "WeatherJsonTests", "..\WeatherJsonTests\WeatherJsonTests.csproj", "{C2CDAC56-AC55-4266-ACC5-AF6DDEC9CB3D}"
EndProject
Global
	GlobalSection(SolutionConfigurationPlatforms) = preSolution
		Debug|Any CPU = Debug|Any CPU
		Release|Any CPU = Release|Any CPU
	EndGlobalSection
	GlobalSection(ProjectConfigurationPlatforms) = postSolution
		{26684B84-8BFA-4CF4-9607-2754BC7E45ED}.Debug|Any CPU.ActiveCfg = Debug|Any CPU
		{26684B84-8BFA-4CF4-9607-2754BC7E45ED}.Debug|Any CPU.Build.0 = Debug|Any CPU
		{26684B84-8BFA-4CF4-9607-2754BC7E45ED}.Release|Any CPU.ActiveCfg = Release|Any CPU
		{26684B84-8BFA-4CF4-9607-2754BC7E45ED}.Release|Any CPU.Build.0 = Release|Any CPU
		{C2CDAC56-AC55-4266-ACC5-AF6DDEC9CB3D}.Debug|Any CPU.ActiveCfg = Debug|Any CPU
		{C2CDAC56-AC55-4266-ACC5-AF6DDEC9CB3D}.Debug|Any CPU.Build.0 = Debug|Any CPU
		{C2CDAC56-AC55-4266-ACC5-AF6DDEC9CB3D}.Release|Any CPU.ActiveCfg = Release|Any CPU
		{C2CDAC56-AC55-4266-ACC5-AF6DDEC9CB3D}.Release|Any CPU.Build.0 = Release|Any CPU
	EndGlobalSection
	GlobalSection(SolutionProperties) = preSolution
		HideSolutionNode = FALSE
	EndGlobalSection
	GlobalSection(ExtensibilityGlobals) = postSolution
		SolutionGuid = {4426FA62-53A2-4E17-AE46-F2191B02F82D}
	EndGlobalSection
EndGlobal
